
Microsoft Visual Studio Solution File, Format Version 12.00
# Visual Studio Version 17
VisualStudioVersion = 17.9.34607.119
MinimumVisualStudioVersion = 10.0.40219.1
Project("{FAE04EC0-301F-11D3-BF4B-00C04F79EFBC}") = "ExperiApp", "ExperiApp\ExperiApp.csproj", "{FFBEAEBA-D62E-43B8-931E-AACF6050F7A2}"
EndProject
Global
	GlobalSection(SolutionConfigurationPlatforms) = preSolution
		Debug|Any CPU = Debug|Any CPU
		Release|Any CPU = Release|Any CPU
	EndGlobalSection
	GlobalSection(ProjectConfigurationPlatforms) = postSolution
		{FFBEAEBA-D62E-43B8-931E-AACF6050F7A2}.Debug|Any CPU.ActiveCfg = Debug|Any CPU
		{FFBEAEBA-D62E-43B8-931E-AACF6050F7A2}.Debug|Any CPU.Build.0 = Debug|Any CPU
		{FFBEAEBA-D62E-43B8-931E-AACF6050F7A2}.Release|Any CPU.ActiveCfg = Release|Any CPU
		{FFBEAEBA-D62E-43B8-931E-AACF6050F7A2}.Release|Any CPU.Build.0 = Release|Any CPU
	EndGlobalSection
	GlobalSection(SolutionProperties) = preSolution
		HideSolutionNode = FALSE
	EndGlobalSection
	GlobalSection(ExtensibilityGlobals) = postSolution
		SolutionGuid = {58FFBD69-E44A-4BA4-979F-1AACC5CCF1FD}
	EndGlobalSection
EndGlobal
